
Microsoft Visual Studio Solution File, Format Version 12.00
# Visual Studio Version 16
VisualStudioVersion = 16.0.31205.134
MinimumVisualStudioVersion = 10.0.40219.1
Project("{FAE04EC0-301F-11D3-BF4B-00C04F79EFBC}") = "TMEditorMap", "TMEditorMap\TMEditorMap.csproj", "{FF9A1F92-8734-4706-9944-E3409E68B033}"
EndProject
Global
	GlobalSection(SolutionConfigurationPlatforms) = preSolution
		Debug|Any CPU = Debug|Any CPU
		Release|Any CPU = Release|Any CPU
	EndGlobalSection
	GlobalSection(ProjectConfigurationPlatforms) = postSolution
		{FF9A1F92-8734-4706-9944-E3409E68B033}.Debug|Any CPU.ActiveCfg = Debug|Any CPU
		{FF9A1F92-8734-4706-9944-E3409E68B033}.Debug|Any CPU.Build.0 = Debug|Any CPU
		{FF9A1F92-8734-4706-9944-E3409E68B033}.Release|Any CPU.ActiveCfg = Release|Any CPU
		{FF9A1F92-8734-4706-9944-E3409E68B033}.Release|Any CPU.Build.0 = Release|Any CPU
	EndGlobalSection
	GlobalSection(SolutionProperties) = preSolution
		HideSolutionNode = FALSE
	EndGlobalSection
	GlobalSection(ExtensibilityGlobals) = postSolution
		SolutionGuid = {E96F3F3F-2089-40E7-BEFA-DD610F17F319}
	EndGlobalSection
EndGlobal
